
Microsoft Visual Studio Solution File, Format Version 12.00
# Visual Studio Version 16
VisualStudioVersion = 16.0.30523.141
MinimumVisualStudioVersion = 10.0.40219.1
Project("{9A19103F-16F7-4668-BE54-9A1E7A4F7556}") = "Circustrein 3.0", "Circustrein 3.0\Circustrein 3.0.csproj", "{6C294146-BCB9-4CFE-8987-88612D64088C}"
EndProject
Project("{9A19103F-16F7-4668-BE54-9A1E7A4F7556}") = "LogicLayer", "LogicLayer\LogicLayer.csproj", "{03C7C704-E37B-459B-B609-0A74AEE64465}"
EndProject
Project("{FAE04EC0-301F-11D3-BF4B-00C04F79EFBC}") = "LogicLayerTests", "LogicLayerTests\LogicLayerTests.csproj", "{D52CC58B-1973-44A7-8A98-36F9AD3C8BC0}"
EndProject
Global
	GlobalSection(SolutionConfigurationPlatforms) = preSolution
		Debug|Any CPU = Debug|Any CPU
		Release|Any CPU = Release|Any CPU
	EndGlobalSection
	GlobalSection(ProjectConfigurationPlatforms) = postSolution
		{6C294146-BCB9-4CFE-8987-88612D64088C}.Debug|Any CPU.ActiveCfg = Debug|Any CPU
		{6C294146-BCB9-4CFE-8987-88612D64088C}.Debug|Any CPU.Build.0 = Debug|Any CPU
		{6C294146-BCB9-4CFE-8987-88612D64088C}.Release|Any CPU.ActiveCfg = Release|Any CPU
		{6C294146-BCB9-4CFE-8987-88612D64088C}.Release|Any CPU.Build.0 = Release|Any CPU
		{03C7C704-E37B-459B-B609-0A74AEE64465}.Debug|Any CPU.ActiveCfg = Debug|Any CPU
		{03C7C704-E37B-459B-B609-0A74AEE64465}.Debug|Any CPU.Build.0 = Debug|Any CPU
		{03C7C704-E37B-459B-B609-0A74AEE64465}.Release|Any CPU.ActiveCfg = Release|Any CPU
		{03C7C704-E37B-459B-B609-0A74AEE64465}.Release|Any CPU.Build.0 = Release|Any CPU
		{D52CC58B-1973-44A7-8A98-36F9AD3C8BC0}.Debug|Any CPU.ActiveCfg = Debug|Any CPU
		{D52CC58B-1973-44A7-8A98-36F9AD3C8BC0}.Debug|Any CPU.Build.0 = Debug|Any CPU
		{D52CC58B-1973-44A7-8A98-36F9AD3C8BC0}.Release|Any CPU.ActiveCfg = Release|Any CPU
		{D52CC58B-1973-44A7-8A98-36F9AD3C8BC0}.Release|Any CPU.Build.0 = Release|Any CPU
	EndGlobalSection
	GlobalSection(SolutionProperties) = preSolution
		HideSolutionNode = FALSE
	EndGlobalSection
	GlobalSection(ExtensibilityGlobals) = postSolution
		SolutionGuid = {4D39D50B-18C0-4401-A39C-C325CF8EE4D6}
	EndGlobalSection
EndGlobal
