
Microsoft Visual Studio Solution File, Format Version 12.00
# Visual Studio Version 16
VisualStudioVersion = 16.0.30523.141
MinimumVisualStudioVersion = 10.0.40219.1
Project("{FAE04EC0-301F-11D3-BF4B-00C04F79EFBC}") = "Circustrein 3.0", "Circustrein 3.0\Circustrein 3.0.csproj", "{6C294146-BCB9-4CFE-8987-88612D64088C}"
EndProject
Project("{FAE04EC0-301F-11D3-BF4B-00C04F79EFBC}") = "LogicLayer", "LogicLayer\LogicLayer.csproj", "{03C7C704-E37B-459B-B609-0A74AEE64465}"
EndProject
Project("{FAE04EC0-301F-11D3-BF4B-00C04F79EFBC}") = "ControllerLayer", "ControllerLayer\ControllerLayer.csproj", "{FFBC0EE8-3630-4F6B-84EB-377C34605B03}"
EndProject
Project("{FAE04EC0-301F-11D3-BF4B-00C04F79EFBC}") = "View", "View\View.csproj", "{036E5B75-8F9F-4390-92C7-C1B4978FF7FA}"
EndProject
Global
	GlobalSection(SolutionConfigurationPlatforms) = preSolution
		Debug|Any CPU = Debug|Any CPU
		Release|Any CPU = Release|Any CPU
	EndGlobalSection
	GlobalSection(ProjectConfigurationPlatforms) = postSolution
		{6C294146-BCB9-4CFE-8987-88612D64088C}.Debug|Any CPU.ActiveCfg = Debug|Any CPU
		{6C294146-BCB9-4CFE-8987-88612D64088C}.Debug|Any CPU.Build.0 = Debug|Any CPU
		{6C294146-BCB9-4CFE-8987-88612D64088C}.Release|Any CPU.ActiveCfg = Release|Any CPU
		{6C294146-BCB9-4CFE-8987-88612D64088C}.Release|Any CPU.Build.0 = Release|Any CPU
		{03C7C704-E37B-459B-B609-0A74AEE64465}.Debug|Any CPU.ActiveCfg = Debug|Any CPU
		{03C7C704-E37B-459B-B609-0A74AEE64465}.Debug|Any CPU.Build.0 = Debug|Any CPU
		{03C7C704-E37B-459B-B609-0A74AEE64465}.Release|Any CPU.ActiveCfg = Release|Any CPU
		{03C7C704-E37B-459B-B609-0A74AEE64465}.Release|Any CPU.Build.0 = Release|Any CPU
		{FFBC0EE8-3630-4F6B-84EB-377C34605B03}.Debug|Any CPU.ActiveCfg = Debug|Any CPU
		{FFBC0EE8-3630-4F6B-84EB-377C34605B03}.Debug|Any CPU.Build.0 = Debug|Any CPU
		{FFBC0EE8-3630-4F6B-84EB-377C34605B03}.Release|Any CPU.ActiveCfg = Release|Any CPU
		{FFBC0EE8-3630-4F6B-84EB-377C34605B03}.Release|Any CPU.Build.0 = Release|Any CPU
		{036E5B75-8F9F-4390-92C7-C1B4978FF7FA}.Debug|Any CPU.ActiveCfg = Debug|Any CPU
		{036E5B75-8F9F-4390-92C7-C1B4978FF7FA}.Debug|Any CPU.Build.0 = Debug|Any CPU
		{036E5B75-8F9F-4390-92C7-C1B4978FF7FA}.Release|Any CPU.ActiveCfg = Release|Any CPU
		{036E5B75-8F9F-4390-92C7-C1B4978FF7FA}.Release|Any CPU.Build.0 = Release|Any CPU
	EndGlobalSection
	GlobalSection(SolutionProperties) = preSolution
		HideSolutionNode = FALSE
	EndGlobalSection
	GlobalSection(ExtensibilityGlobals) = postSolution
		SolutionGuid = {4D39D50B-18C0-4401-A39C-C325CF8EE4D6}
	EndGlobalSection
EndGlobal
